{
  "object": {
    "pins": [
      {
        "package": "star-wars-api",
        "repositoryURL": "git@github.com:freddyh/StarWarsAPI.git",
        "state": {
          "branch": "main",
          "revision": "a759d3d1803ac4010b94ad1052cbe89550eca1e2",
          "version": null
        }
      }
    ]
  },
  "version": 1
}
