{
  "object": {
    "pins": [
      {
        "package": "star-wars-api",
        "repositoryURL": "git@github.com:freddyh/StarWarsAPI.git",
        "state": {
          "branch": "main",
          "revision": "f5cc8bbd118977629befaabbb20b98b00c165799",
          "version": null
        }
      }
    ]
  },
  "version": 1
}
