{
  "object": {
    "pins": [
      {
        "package": "star-wars-api",
        "repositoryURL": "git@github.com:freddyh/StarWarsAPI.git",
        "state": {
          "branch": "main",
          "revision": "33e3b955d8991884414cee941d0286e32c5f8115",
          "version": null
        }
      }
    ]
  },
  "version": 1
}
